// !$*UTF8*$!
{
	archiveVersion = 1;
	classes = {
	};
	objectVersion = 77;
	objects = {

/* Begin PBXBuildFile section */
		08A76E7A2D333C7B001AB55F /* Vortex in Frameworks */ = {isa = PBXBuildFile; productRef = 08A76E792D333C7B001AB55F /* Vortex */; };
		08A76EED2D35F5CF001AB55F /* Drops in Frameworks */ = {isa = PBXBuildFile; productRef = 08A76EEC2D35F5CF001AB55F /* Drops */; };
		08D911A12D44A053002B96E0 /* AnimateText in Frameworks */ = {isa = PBXBuildFile; productRef = 08D911A02D44A053002B96E0 /* AnimateText */; };
		08E77F772D65719700F94599 /* Drawer in Frameworks */ = {isa = PBXBuildFile; productRef = 08E77F762D65719700F94599 /* Drawer */; };
/* End PBXBuildFile section */

/* Begin PBXCopyFilesBuildPhase section */
		08E77F9C2D6BF4FC00F94599 /* Embed Foundation Extensions */ = {
			isa = PBXCopyFilesBuildPhase;
			buildActionMask = 2147483647;
			dstPath = "";
			dstSubfolderSpec = 13;
			files = (
			);
			name = "Embed Foundation Extensions";
			runOnlyForDeploymentPostprocessing = 0;
		};
/* End PBXCopyFilesBuildPhase section */

/* Begin PBXFileReference section */
		0815EBFE2D287B4F00F23F12 /* it's here..app */ = {isa = PBXFileReference; explicitFileType = wrapper.application; includeInIndex = 0; path = "it's here..app"; sourceTree = BUILT_PRODUCTS_DIR; };
		08E77F8A2D6BF4FC00F94599 /* QuickLook.framework */ = {isa = PBXFileReference; lastKnownFileType = wrapper.framework; name = QuickLook.framework; path = System/Library/Frameworks/QuickLook.framework; sourceTree = SDKROOT; };
/* End PBXFileReference section */

/* Begin PBXFileSystemSynchronizedRootGroup section */
		0815EC002D287B4F00F23F12 /* AR spotit */ = {
			isa = PBXFileSystemSynchronizedRootGroup;
			path = "AR spotit";
			sourceTree = "<group>";
		};
		08E77F8C2D6BF4FC00F94599 /* WorldMapThumbnail */ = {
			isa = PBXFileSystemSynchronizedRootGroup;
			path = WorldMapThumbnail;
			sourceTree = "<group>";
		};
/* End PBXFileSystemSynchronizedRootGroup section */

/* Begin PBXFrameworksBuildPhase section */
		0815EBFB2D287B4F00F23F12 /* Frameworks */ = {
			isa = PBXFrameworksBuildPhase;
			buildActionMask = 2147483647;
			files = (
				08A76E7A2D333C7B001AB55F /* Vortex in Frameworks */,
				08A76EED2D35F5CF001AB55F /* Drops in Frameworks */,
				08D911A12D44A053002B96E0 /* AnimateText in Frameworks */,
				08E77F772D65719700F94599 /* Drawer in Frameworks */,
			);
			runOnlyForDeploymentPostprocessing = 0;
		};
/* End PBXFrameworksBuildPhase section */

/* Begin PBXGroup section */
		0815EBF52D287B4F00F23F12 = {
			isa = PBXGroup;
			children = (
				0815EC002D287B4F00F23F12 /* AR spotit */,
				08E77F8C2D6BF4FC00F94599 /* WorldMapThumbnail */,
				08E77F892D6BF4FC00F94599 /* Frameworks */,
				0815EBFF2D287B4F00F23F12 /* Products */,
			);
			sourceTree = "<group>";
		};
		0815EBFF2D287B4F00F23F12 /* Products */ = {
			isa = PBXGroup;
			children = (
				0815EBFE2D287B4F00F23F12 /* it's here..app */,
			);
			name = Products;
			sourceTree = "<group>";
		};
		08E77F892D6BF4FC00F94599 /* Frameworks */ = {
			isa = PBXGroup;
			children = (
				08E77F8A2D6BF4FC00F94599 /* QuickLook.framework */,
			);
			name = Frameworks;
			sourceTree = "<group>";
		};
/* End PBXGroup section */

/* Begin PBXNativeTarget section */
		0815EBFD2D287B4F00F23F12 /* AR spotit */ = {
			isa = PBXNativeTarget;
			buildConfigurationList = 0815EC0D2D287B5200F23F12 /* Build configuration list for PBXNativeTarget "AR spotit" */;
			buildPhases = (
				0815EBFA2D287B4F00F23F12 /* Sources */,
				0815EBFB2D287B4F00F23F12 /* Frameworks */,
				0815EBFC2D287B4F00F23F12 /* Resources */,
				08E77F9C2D6BF4FC00F94599 /* Embed Foundation Extensions */,
			);
			buildRules = (
			);
			dependencies = (
			);
			fileSystemSynchronizedGroups = (
				0815EC002D287B4F00F23F12 /* AR spotit */,
			);
			name = "AR spotit";
			packageProductDependencies = (
				08A76E792D333C7B001AB55F /* Vortex */,
				08A76EEC2D35F5CF001AB55F /* Drops */,
				08D911A02D44A053002B96E0 /* AnimateText */,
				08E77F762D65719700F94599 /* Drawer */,
			);
			productName = "AR spotit";
			productReference = 0815EBFE2D287B4F00F23F12 /* it's here..app */;
			productType = "com.apple.product-type.application";
		};
/* End PBXNativeTarget section */

/* Begin PBXProject section */
		0815EBF62D287B4F00F23F12 /* Project object */ = {
			isa = PBXProject;
			attributes = {
				BuildIndependentTargetsInParallel = 1;
				LastSwiftUpdateCheck = 1620;
				LastUpgradeCheck = 1620;
				TargetAttributes = {
					0815EBFD2D287B4F00F23F12 = {
						CreatedOnToolsVersion = 16.2;
					};
				};
			};
			buildConfigurationList = 0815EBF92D287B4F00F23F12 /* Build configuration list for PBXProject "AR spotit" */;
			developmentRegion = en;
			hasScannedForEncodings = 0;
			knownRegions = (
				en,
				Base,
			);
			mainGroup = 0815EBF52D287B4F00F23F12;
			minimizedProjectReferenceProxies = 1;
			packageReferences = (
				08A76E782D333C7B001AB55F /* XCRemoteSwiftPackageReference "Vortex" */,
				08A76EEB2D35F5CF001AB55F /* XCRemoteSwiftPackageReference "Drops" */,
				08D9119F2D44A053002B96E0 /* XCRemoteSwiftPackageReference "AnimateText" */,
				08E77F752D65719700F94599 /* XCRemoteSwiftPackageReference "swiftui-drawer" */,
			);
			preferredProjectObjectVersion = 77;
			productRefGroup = 0815EBFF2D287B4F00F23F12 /* Products */;
			projectDirPath = "";
			projectRoot = "";
			targets = (
				0815EBFD2D287B4F00F23F12 /* AR spotit */,
			);
		};
/* End PBXProject section */

/* Begin PBXResourcesBuildPhase section */
		0815EBFC2D287B4F00F23F12 /* Resources */ = {
			isa = PBXResourcesBuildPhase;
			buildActionMask = 2147483647;
			files = (
			);
			runOnlyForDeploymentPostprocessing = 0;
		};
/* End PBXResourcesBuildPhase section */

/* Begin PBXSourcesBuildPhase section */
		0815EBFA2D287B4F00F23F12 /* Sources */ = {
			isa = PBXSourcesBuildPhase;
			buildActionMask = 2147483647;
			files = (
			);
			runOnlyForDeploymentPostprocessing = 0;
		};
/* End PBXSourcesBuildPhase section */

/* Begin XCBuildConfiguration section */
		0815EC0B2D287B5200F23F12 /* Debug */ = {
			isa = XCBuildConfiguration;
			buildSettings = {
				ALWAYS_SEARCH_USER_PATHS = NO;
				ASSETCATALOG_COMPILER_GENERATE_SWIFT_ASSET_SYMBOL_EXTENSIONS = YES;
				CLANG_ANALYZER_NONNULL = YES;
				CLANG_ANALYZER_NUMBER_OBJECT_CONVERSION = YES_AGGRESSIVE;
				CLANG_CXX_LANGUAGE_STANDARD = "gnu++20";
				CLANG_ENABLE_MODULES = YES;
				CLANG_ENABLE_OBJC_ARC = YES;
				CLANG_ENABLE_OBJC_WEAK = YES;
				CLANG_WARN_BLOCK_CAPTURE_AUTORELEASING = YES;
				CLANG_WARN_BOOL_CONVERSION = YES;
				CLANG_WARN_COMMA = YES;
				CLANG_WARN_CONSTANT_CONVERSION = YES;
				CLANG_WARN_DEPRECATED_OBJC_IMPLEMENTATIONS = YES;
				CLANG_WARN_DIRECT_OBJC_ISA_USAGE = YES_ERROR;
				CLANG_WARN_DOCUMENTATION_COMMENTS = YES;
				CLANG_WARN_EMPTY_BODY = YES;
				CLANG_WARN_ENUM_CONVERSION = YES;
				CLANG_WARN_INFINITE_RECURSION = YES;
				CLANG_WARN_INT_CONVERSION = YES;
				CLANG_WARN_NON_LITERAL_NULL_CONVERSION = YES;
				CLANG_WARN_OBJC_IMPLICIT_RETAIN_SELF = YES;
				CLANG_WARN_OBJC_LITERAL_CONVERSION = YES;
				CLANG_WARN_OBJC_ROOT_CLASS = YES_ERROR;
				CLANG_WARN_QUOTED_INCLUDE_IN_FRAMEWORK_HEADER = YES;
				CLANG_WARN_RANGE_LOOP_ANALYSIS = YES;
				CLANG_WARN_STRICT_PROTOTYPES = YES;
				CLANG_WARN_SUSPICIOUS_MOVE = YES;
				CLANG_WARN_UNGUARDED_AVAILABILITY = YES_AGGRESSIVE;
				CLANG_WARN_UNREACHABLE_CODE = YES;
				CLANG_WARN__DUPLICATE_METHOD_MATCH = YES;
				COPY_PHASE_STRIP = NO;
				DEBUG_INFORMATION_FORMAT = dwarf;
				ENABLE_STRICT_OBJC_MSGSEND = YES;
				ENABLE_TESTABILITY = YES;
				ENABLE_USER_SCRIPT_SANDBOXING = YES;
				GCC_C_LANGUAGE_STANDARD = gnu17;
				GCC_DYNAMIC_NO_PIC = NO;
				GCC_NO_COMMON_BLOCKS = YES;
				GCC_OPTIMIZATION_LEVEL = 0;
				GCC_PREPROCESSOR_DEFINITIONS = (
					"DEBUG=1",
					"$(inherited)",
				);
				GCC_WARN_64_TO_32_BIT_CONVERSION = YES;
				GCC_WARN_ABOUT_RETURN_TYPE = YES_ERROR;
				GCC_WARN_UNDECLARED_SELECTOR = YES;
				GCC_WARN_UNINITIALIZED_AUTOS = YES_AGGRESSIVE;
				GCC_WARN_UNUSED_FUNCTION = YES;
				GCC_WARN_UNUSED_VARIABLE = YES;
				LOCALIZATION_PREFERS_STRING_CATALOGS = YES;
				MTL_ENABLE_DEBUG_INFO = INCLUDE_SOURCE;
				MTL_FAST_MATH = YES;
				ONLY_ACTIVE_ARCH = YES;
				SWIFT_ACTIVE_COMPILATION_CONDITIONS = "DEBUG $(inherited)";
				SWIFT_OPTIMIZATION_LEVEL = "-Onone";
			};
			name = Debug;
		};
		0815EC0C2D287B5200F23F12 /* Release */ = {
			isa = XCBuildConfiguration;
			buildSettings = {
				ALWAYS_SEARCH_USER_PATHS = NO;
				ASSETCATALOG_COMPILER_GENERATE_SWIFT_ASSET_SYMBOL_EXTENSIONS = YES;
				CLANG_ANALYZER_NONNULL = YES;
				CLANG_ANALYZER_NUMBER_OBJECT_CONVERSION = YES_AGGRESSIVE;
				CLANG_CXX_LANGUAGE_STANDARD = "gnu++20";
				CLANG_ENABLE_MODULES = YES;
				CLANG_ENABLE_OBJC_ARC = YES;
				CLANG_ENABLE_OBJC_WEAK = YES;
				CLANG_WARN_BLOCK_CAPTURE_AUTORELEASING = YES;
				CLANG_WARN_BOOL_CONVERSION = YES;
				CLANG_WARN_COMMA = YES;
				CLANG_WARN_CONSTANT_CONVERSION = YES;
				CLANG_WARN_DEPRECATED_OBJC_IMPLEMENTATIONS = YES;
				CLANG_WARN_DIRECT_OBJC_ISA_USAGE = YES_ERROR;
				CLANG_WARN_DOCUMENTATION_COMMENTS = YES;
				CLANG_WARN_EMPTY_BODY = YES;
				CLANG_WARN_ENUM_CONVERSION = YES;
				CLANG_WARN_INFINITE_RECURSION = YES;
				CLANG_WARN_INT_CONVERSION = YES;
				CLANG_WARN_NON_LITERAL_NULL_CONVERSION = YES;
				CLANG_WARN_OBJC_IMPLICIT_RETAIN_SELF = YES;
				CLANG_WARN_OBJC_LITERAL_CONVERSION = YES;
				CLANG_WARN_OBJC_ROOT_CLASS = YES_ERROR;
				CLANG_WARN_QUOTED_INCLUDE_IN_FRAMEWORK_HEADER = YES;
				CLANG_WARN_RANGE_LOOP_ANALYSIS = YES;
				CLANG_WARN_STRICT_PROTOTYPES = YES;
				CLANG_WARN_SUSPICIOUS_MOVE = YES;
				CLANG_WARN_UNGUARDED_AVAILABILITY = YES_AGGRESSIVE;
				CLANG_WARN_UNREACHABLE_CODE = YES;
				CLANG_WARN__DUPLICATE_METHOD_MATCH = YES;
				COPY_PHASE_STRIP = NO;
				DEBUG_INFORMATION_FORMAT = "dwarf-with-dsym";
				ENABLE_NS_ASSERTIONS = NO;
				ENABLE_STRICT_OBJC_MSGSEND = YES;
				ENABLE_USER_SCRIPT_SANDBOXING = YES;
				GCC_C_LANGUAGE_STANDARD = gnu17;
				GCC_NO_COMMON_BLOCKS = YES;
				GCC_WARN_64_TO_32_BIT_CONVERSION = YES;
				GCC_WARN_ABOUT_RETURN_TYPE = YES_ERROR;
				GCC_WARN_UNDECLARED_SELECTOR = YES;
				GCC_WARN_UNINITIALIZED_AUTOS = YES_AGGRESSIVE;
				GCC_WARN_UNUSED_FUNCTION = YES;
				GCC_WARN_UNUSED_VARIABLE = YES;
				LOCALIZATION_PREFERS_STRING_CATALOGS = YES;
				MTL_ENABLE_DEBUG_INFO = NO;
				MTL_FAST_MATH = YES;
				SWIFT_COMPILATION_MODE = wholemodule;
			};
			name = Release;
		};
		0815EC0E2D287B5200F23F12 /* Debug */ = {
			isa = XCBuildConfiguration;
			buildSettings = {
				ASSETCATALOG_COMPILER_APPICON_NAME = AppIcon;
				ASSETCATALOG_COMPILER_GLOBAL_ACCENT_COLOR_NAME = AccentColor;
				CODE_SIGN_ENTITLEMENTS = "AR spotit/AR_spotit.entitlements";
				CODE_SIGN_STYLE = Automatic;
				CURRENT_PROJECT_VERSION = 1;
				DEVELOPMENT_ASSET_PATHS = "\"AR spotit/Preview Content\"";
				DEVELOPMENT_TEAM = P5K444356C;
				ENABLE_HARDENED_RUNTIME = YES;
				ENABLE_PREVIEWS = YES;
				GENERATE_INFOPLIST_FILE = YES;
				INFOPLIST_FILE = "AR-spotit-Info.plist";
				INFOPLIST_KEY_LSApplicationCategoryType = "public.app-category.utilities";
				INFOPLIST_KEY_LSSupportsOpeningDocumentsInPlace = YES;
				INFOPLIST_KEY_NSCameraUsageDescription = "We need access to your camera to help you find and interact with objects using AR. This is essential for the core functionality of ‘It’s Here.’";
				INFOPLIST_KEY_NSMotionUsageDescription = "‘It’s Here’ requires motion data to understand your device’s movements, enhancing AR tracking and accuracy. Your data stays private and secure.";
				"INFOPLIST_KEY_UIApplicationSceneManifest_Generation[sdk=iphoneos*]" = YES;
				"INFOPLIST_KEY_UIApplicationSceneManifest_Generation[sdk=iphonesimulator*]" = YES;
				"INFOPLIST_KEY_UIApplicationSupportsIndirectInputEvents[sdk=iphoneos*]" = YES;
				"INFOPLIST_KEY_UIApplicationSupportsIndirectInputEvents[sdk=iphonesimulator*]" = YES;
				"INFOPLIST_KEY_UILaunchScreen_Generation[sdk=iphoneos*]" = YES;
				"INFOPLIST_KEY_UILaunchScreen_Generation[sdk=iphonesimulator*]" = YES;
				"INFOPLIST_KEY_UIStatusBarStyle[sdk=iphoneos*]" = UIStatusBarStyleDefault;
				"INFOPLIST_KEY_UIStatusBarStyle[sdk=iphonesimulator*]" = UIStatusBarStyleDefault;
				INFOPLIST_KEY_UISupportedInterfaceOrientations_iPad = "UIInterfaceOrientationPortrait UIInterfaceOrientationPortraitUpsideDown UIInterfaceOrientationLandscapeLeft UIInterfaceOrientationLandscapeRight";
				INFOPLIST_KEY_UISupportedInterfaceOrientations_iPhone = "UIInterfaceOrientationPortrait UIInterfaceOrientationLandscapeLeft UIInterfaceOrientationLandscapeRight";
				IPHONEOS_DEPLOYMENT_TARGET = 18.0;
				LD_RUNPATH_SEARCH_PATHS = "@executable_path/Frameworks";
				"LD_RUNPATH_SEARCH_PATHS[sdk=macosx*]" = "@executable_path/../Frameworks";
				MACOSX_DEPLOYMENT_TARGET = 15.2;
				MARKETING_VERSION = 1.0;
				PRODUCT_BUNDLE_IDENTIFIER = "com.parthant.AR-spotit";
				PRODUCT_NAME = "it's here.";
				SDKROOT = auto;
				SUPPORTED_PLATFORMS = "iphonesimulator iphoneos";
				SUPPORTS_MACCATALYST = NO;
				SWIFT_EMIT_LOC_STRINGS = YES;
				SWIFT_VERSION = 5.0;
				TARGETED_DEVICE_FAMILY = "1,2";
				XROS_DEPLOYMENT_TARGET = 2.2;
			};
			name = Debug;
		};
		0815EC0F2D287B5200F23F12 /* Release */ = {
			isa = XCBuildConfiguration;
			buildSettings = {
				ASSETCATALOG_COMPILER_APPICON_NAME = AppIcon;
				ASSETCATALOG_COMPILER_GLOBAL_ACCENT_COLOR_NAME = AccentColor;
				CODE_SIGN_ENTITLEMENTS = "AR spotit/AR_spotit.entitlements";
				CODE_SIGN_STYLE = Automatic;
				CURRENT_PROJECT_VERSION = 1;
				DEVELOPMENT_ASSET_PATHS = "\"AR spotit/Preview Content\"";
				DEVELOPMENT_TEAM = P5K444356C;
				ENABLE_HARDENED_RUNTIME = YES;
				ENABLE_PREVIEWS = YES;
				GENERATE_INFOPLIST_FILE = YES;
				INFOPLIST_FILE = "AR-spotit-Info.plist";
				INFOPLIST_KEY_LSApplicationCategoryType = "public.app-category.utilities";
				INFOPLIST_KEY_LSSupportsOpeningDocumentsInPlace = YES;
				INFOPLIST_KEY_NSCameraUsageDescription = "We need access to your camera to help you find and interact with objects using AR. This is essential for the core functionality of ‘It’s Here.’";
				INFOPLIST_KEY_NSMotionUsageDescription = "‘It’s Here’ requires motion data to understand your device’s movements, enhancing AR tracking and accuracy. Your data stays private and secure.";
				"INFOPLIST_KEY_UIApplicationSceneManifest_Generation[sdk=iphoneos*]" = YES;
				"INFOPLIST_KEY_UIApplicationSceneManifest_Generation[sdk=iphonesimulator*]" = YES;
				"INFOPLIST_KEY_UIApplicationSupportsIndirectInputEvents[sdk=iphoneos*]" = YES;
				"INFOPLIST_KEY_UIApplicationSupportsIndirectInputEvents[sdk=iphonesimulator*]" = YES;
				"INFOPLIST_KEY_UILaunchScreen_Generation[sdk=iphoneos*]" = YES;
				"INFOPLIST_KEY_UILaunchScreen_Generation[sdk=iphonesimulator*]" = YES;
				"INFOPLIST_KEY_UIStatusBarStyle[sdk=iphoneos*]" = UIStatusBarStyleDefault;
				"INFOPLIST_KEY_UIStatusBarStyle[sdk=iphonesimulator*]" = UIStatusBarStyleDefault;
				INFOPLIST_KEY_UISupportedInterfaceOrientations_iPad = "UIInterfaceOrientationPortrait UIInterfaceOrientationPortraitUpsideDown UIInterfaceOrientationLandscapeLeft UIInterfaceOrientationLandscapeRight";
				INFOPLIST_KEY_UISupportedInterfaceOrientations_iPhone = "UIInterfaceOrientationPortrait UIInterfaceOrientationLandscapeLeft UIInterfaceOrientationLandscapeRight";
				IPHONEOS_DEPLOYMENT_TARGET = 18.0;
				LD_RUNPATH_SEARCH_PATHS = "@executable_path/Frameworks";
				"LD_RUNPATH_SEARCH_PATHS[sdk=macosx*]" = "@executable_path/../Frameworks";
				MACOSX_DEPLOYMENT_TARGET = 15.2;
				MARKETING_VERSION = 1.0;
				PRODUCT_BUNDLE_IDENTIFIER = "com.parthant.AR-spotit";
				PRODUCT_NAME = "it's here.";
				SDKROOT = auto;
				SUPPORTED_PLATFORMS = "iphonesimulator iphoneos";
				SUPPORTS_MACCATALYST = NO;
				SWIFT_EMIT_LOC_STRINGS = YES;
				SWIFT_VERSION = 5.0;
				TARGETED_DEVICE_FAMILY = "1,2";
				XROS_DEPLOYMENT_TARGET = 2.2;
			};
			name = Release;
		};
/* End XCBuildConfiguration section */

/* Begin XCConfigurationList section */
		0815EBF92D287B4F00F23F12 /* Build configuration list for PBXProject "AR spotit" */ = {
			isa = XCConfigurationList;
			buildConfigurations = (
				0815EC0B2D287B5200F23F12 /* Debug */,
				0815EC0C2D287B5200F23F12 /* Release */,
			);
			defaultConfigurationIsVisible = 0;
			defaultConfigurationName = Release;
		};
		0815EC0D2D287B5200F23F12 /* Build configuration list for PBXNativeTarget "AR spotit" */ = {
			isa = XCConfigurationList;
			buildConfigurations = (
				0815EC0E2D287B5200F23F12 /* Debug */,
				0815EC0F2D287B5200F23F12 /* Release */,
			);
			defaultConfigurationIsVisible = 0;
			defaultConfigurationName = Release;
		};
/* End XCConfigurationList section */

/* Begin XCRemoteSwiftPackageReference section */
		08A76E782D333C7B001AB55F /* XCRemoteSwiftPackageReference "Vortex" */ = {
			isa = XCRemoteSwiftPackageReference;
			repositoryURL = "https://github.com/twostraws/Vortex";
			requirement = {
				kind = upToNextMajorVersion;
				minimumVersion = 1.0.1;
			};
		};
		08A76EEB2D35F5CF001AB55F /* XCRemoteSwiftPackageReference "Drops" */ = {
			isa = XCRemoteSwiftPackageReference;
			repositoryURL = "https://github.com/omaralbeik/Drops.git";
			requirement = {
				kind = upToNextMajorVersion;
				minimumVersion = 1.7.0;
			};
		};
		08D9119F2D44A053002B96E0 /* XCRemoteSwiftPackageReference "AnimateText" */ = {
			isa = XCRemoteSwiftPackageReference;
			repositoryURL = "https://github.com/jasudev/AnimateText.git";
			requirement = {
				kind = upToNextMajorVersion;
				minimumVersion = 0.5.0;
			};
		};
		08E77F752D65719700F94599 /* XCRemoteSwiftPackageReference "swiftui-drawer" */ = {
			isa = XCRemoteSwiftPackageReference;
			repositoryURL = "https://github.com/maustinstar/swiftui-drawer.git";
			requirement = {
				branch = master;
				kind = branch;
			};
		};
/* End XCRemoteSwiftPackageReference section */

/* Begin XCSwiftPackageProductDependency section */
		08A76E792D333C7B001AB55F /* Vortex */ = {
			isa = XCSwiftPackageProductDependency;
			package = 08A76E782D333C7B001AB55F /* XCRemoteSwiftPackageReference "Vortex" */;
			productName = Vortex;
		};
		08A76EEC2D35F5CF001AB55F /* Drops */ = {
			isa = XCSwiftPackageProductDependency;
			package = 08A76EEB2D35F5CF001AB55F /* XCRemoteSwiftPackageReference "Drops" */;
			productName = Drops;
		};
		08D911A02D44A053002B96E0 /* AnimateText */ = {
			isa = XCSwiftPackageProductDependency;
			package = 08D9119F2D44A053002B96E0 /* XCRemoteSwiftPackageReference "AnimateText" */;
			productName = AnimateText;
		};
		08E77F762D65719700F94599 /* Drawer */ = {
			isa = XCSwiftPackageProductDependency;
			package = 08E77F752D65719700F94599 /* XCRemoteSwiftPackageReference "swiftui-drawer" */;
			productName = Drawer;
		};
/* End XCSwiftPackageProductDependency section */
	};
	rootObject = 0815EBF62D287B4F00F23F12 /* Project object */;
}
