{
  "originHash" : "b562497e09a10fc0a56ff04638bd8ad1aebcc312d72e5a6e386f59d30dade4f0",
  "pins" : [
    {
      "identity" : "animatetext",
      "kind" : "remoteSourceControl",
      "location" : "https://github.com/jasudev/AnimateText.git",
      "state" : {
        "revision" : "c55847e03bb3f36cf83cc217fe60ec5feda9ddd6",
        "version" : "0.5.0"
      }
    },
    {
      "identity" : "cardstack",
      "kind" : "remoteSourceControl",
      "location" : "https://github.com/notsobigcompany/CardStack",
      "state" : {
        "revision" : "33417ef29fdc4169712cb3b8bf0ddbd7b6ef52c5",
        "version" : "1.0.0"
      }
    },
    {
      "identity" : "drops",
      "kind" : "remoteSourceControl",
      "location" : "https://github.com/omaralbeik/Drops.git",
      "state" : {
        "revision" : "a183ee6f79f21c940092a19c2cba756555422371",
        "version" : "1.7.0"
      }
    },
    {
      "identity" : "swiftui-drawer",
      "kind" : "remoteSourceControl",
      "location" : "https://github.com/maustinstar/swiftui-drawer.git",
      "state" : {
        "branch" : "master",
        "revision" : "6d22f5c1362bfa71f2915c28aebba343b9243363"
      }
    },
    {
      "identity" : "vortex",
      "kind" : "remoteSourceControl",
      "location" : "https://github.com/twostraws/Vortex",
      "state" : {
        "revision" : "bb48b128d3c13c68c68e83833c622eec9f6c701f",
        "version" : "1.0.1"
      }
    }
  ],
  "version" : 3
}
