{
  "originHash" : "05c76ef212e8960d0a35da75011329db62c87ce6b935c3379a0f76972b5bcb4a",
  "pins" : [
    {
      "identity" : "animatetext",
      "kind" : "remoteSourceControl",
      "location" : "https://github.com/jasudev/AnimateText.git",
      "state" : {
        "revision" : "c55847e03bb3f36cf83cc217fe60ec5feda9ddd6",
        "version" : "0.5.0"
      }
    },
    {
      "identity" : "drops",
      "kind" : "remoteSourceControl",
      "location" : "https://github.com/omaralbeik/Drops.git",
      "state" : {
        "revision" : "a183ee6f79f21c940092a19c2cba756555422371",
        "version" : "1.7.0"
      }
    },
    {
      "identity" : "vortex",
      "kind" : "remoteSourceControl",
      "location" : "https://github.com/twostraws/Vortex",
      "state" : {
        "revision" : "bb48b128d3c13c68c68e83833c622eec9f6c701f",
        "version" : "1.0.1"
      }
    }
  ],
  "version" : 3
}
